
Microsoft Visual Studio Solution File, Format Version 12.00
# Visual Studio Version 16
VisualStudioVersion = 16.0.28803.352
MinimumVisualStudioVersion = 10.0.40219.1
Project("{FAE04EC0-301F-11D3-BF4B-00C04F79EFBC}") = "MES_0504", "MES_0504\MES_0504.csproj", "{9F457075-6A24-4DDC-AE90-CBFC7292529F}"
EndProject
Project("{FAE04EC0-301F-11D3-BF4B-00C04F79EFBC}") = "ClassLibrary1", "ClassLibrary1\ClassLibrary1.csproj", "{37D561DA-DB63-403B-81F4-93BBED45FBD8}"
EndProject
Global
	GlobalSection(SolutionConfigurationPlatforms) = preSolution
		Debug|Any CPU = Debug|Any CPU
		Release|Any CPU = Release|Any CPU
	EndGlobalSection
	GlobalSection(ProjectConfigurationPlatforms) = postSolution
		{9F457075-6A24-4DDC-AE90-CBFC7292529F}.Debug|Any CPU.ActiveCfg = Debug|Any CPU
		{9F457075-6A24-4DDC-AE90-CBFC7292529F}.Debug|Any CPU.Build.0 = Debug|Any CPU
		{9F457075-6A24-4DDC-AE90-CBFC7292529F}.Release|Any CPU.ActiveCfg = Release|Any CPU
		{9F457075-6A24-4DDC-AE90-CBFC7292529F}.Release|Any CPU.Build.0 = Release|Any CPU
		{37D561DA-DB63-403B-81F4-93BBED45FBD8}.Debug|Any CPU.ActiveCfg = Debug|Any CPU
		{37D561DA-DB63-403B-81F4-93BBED45FBD8}.Debug|Any CPU.Build.0 = Debug|Any CPU
		{37D561DA-DB63-403B-81F4-93BBED45FBD8}.Release|Any CPU.ActiveCfg = Release|Any CPU
		{37D561DA-DB63-403B-81F4-93BBED45FBD8}.Release|Any CPU.Build.0 = Release|Any CPU
	EndGlobalSection
	GlobalSection(SolutionProperties) = preSolution
		HideSolutionNode = FALSE
	EndGlobalSection
	GlobalSection(ExtensibilityGlobals) = postSolution
		SolutionGuid = {ECA0B095-3226-4D7F-A399-7015D973513A}
	EndGlobalSection
EndGlobal
